// !$*UTF8*$!
{
	archiveVersion = 1;
	classes = {
	};
	objectVersion = 55;
	objects = {

/* Begin PBXBuildFile section */
		1F2AC1B9286BA038006A078D /* PostDetailViewController.m in Sources */ = {isa = PBXBuildFile; fileRef = 1F2AC1B8286BA038006A078D /* PostDetailViewController.m */; };
		1F2AC1BD286BB935006A078D /* InstagramTabBarController.m in Sources */ = {isa = PBXBuildFile; fileRef = 1F2AC1BC286BB935006A078D /* InstagramTabBarController.m */; };
		1F2AC1C0286BBF16006A078D /* ProfileViewController.m in Sources */ = {isa = PBXBuildFile; fileRef = 1F2AC1BF286BBF16006A078D /* ProfileViewController.m */; };
		1F2AC1C3286C1F52006A078D /* PFUser+Extension.m in Sources */ = {isa = PBXBuildFile; fileRef = 1F2AC1C2286C1F52006A078D /* PFUser+Extension.m */; };
		1F2AC1C6286CC522006A078D /* PhotoGridCell.m in Sources */ = {isa = PBXBuildFile; fileRef = 1F2AC1C5286CC522006A078D /* PhotoGridCell.m */; };
		1F319239286AB0F20065CB8D /* Post.m in Sources */ = {isa = PBXBuildFile; fileRef = 1F319238286AB0F20065CB8D /* Post.m */; };
		1F31923C286AB6F70065CB8D /* PostCell.m in Sources */ = {isa = PBXBuildFile; fileRef = 1F31923B286AB6F70065CB8D /* PostCell.m */; };
		1F77AA3128692097005B6D54 /* AppDelegate.m in Sources */ = {isa = PBXBuildFile; fileRef = 1F77AA3028692097005B6D54 /* AppDelegate.m */; };
		1F77AA3428692097005B6D54 /* SceneDelegate.m in Sources */ = {isa = PBXBuildFile; fileRef = 1F77AA3328692097005B6D54 /* SceneDelegate.m */; };
		1F77AA3728692097005B6D54 /* LoginViewController.m in Sources */ = {isa = PBXBuildFile; fileRef = 1F77AA3628692097005B6D54 /* LoginViewController.m */; };
		1F77AA3C28692099005B6D54 /* Assets.xcassets in Resources */ = {isa = PBXBuildFile; fileRef = 1F77AA3B28692099005B6D54 /* Assets.xcassets */; };
		1F77AA3F28692099005B6D54 /* LaunchScreen.storyboard in Resources */ = {isa = PBXBuildFile; fileRef = 1F77AA3D28692099005B6D54 /* LaunchScreen.storyboard */; };
		1F77AA4228692099005B6D54 /* main.m in Sources */ = {isa = PBXBuildFile; fileRef = 1F77AA4128692099005B6D54 /* main.m */; };
		1FDE58842869ED8600C0AE5C /* UIView+Extension.m in Sources */ = {isa = PBXBuildFile; fileRef = 1FDE58832869ED8600C0AE5C /* UIView+Extension.m */; };
		1FDE58AC286A621400C0AE5C /* HomeViewController.m in Sources */ = {isa = PBXBuildFile; fileRef = 1FDE58AB286A621400C0AE5C /* HomeViewController.m */; };
		1FDE58AF286A839A00C0AE5C /* ComposeViewController.m in Sources */ = {isa = PBXBuildFile; fileRef = 1FDE58AE286A839A00C0AE5C /* ComposeViewController.m */; };
		3AF03CB1021EC392E90B3693 /* Pods_Instagram_Clone.framework in Frameworks */ = {isa = PBXBuildFile; fileRef = 70660DED0FEDA949E425657F /* Pods_Instagram_Clone.framework */; };
/* End PBXBuildFile section */

/* Begin PBXFileReference section */
		1F2AC1B7286BA038006A078D /* PostDetailViewController.h */ = {isa = PBXFileReference; lastKnownFileType = sourcecode.c.h; path = PostDetailViewController.h; sourceTree = "<group>"; };
		1F2AC1B8286BA038006A078D /* PostDetailViewController.m */ = {isa = PBXFileReference; lastKnownFileType = sourcecode.c.objc; path = PostDetailViewController.m; sourceTree = "<group>"; };
		1F2AC1BB286BB935006A078D /* InstagramTabBarController.h */ = {isa = PBXFileReference; lastKnownFileType = sourcecode.c.h; path = InstagramTabBarController.h; sourceTree = "<group>"; };
		1F2AC1BC286BB935006A078D /* InstagramTabBarController.m */ = {isa = PBXFileReference; lastKnownFileType = sourcecode.c.objc; path = InstagramTabBarController.m; sourceTree = "<group>"; };
		1F2AC1BE286BBF16006A078D /* ProfileViewController.h */ = {isa = PBXFileReference; lastKnownFileType = sourcecode.c.h; path = ProfileViewController.h; sourceTree = "<group>"; };
		1F2AC1BF286BBF16006A078D /* ProfileViewController.m */ = {isa = PBXFileReference; lastKnownFileType = sourcecode.c.objc; path = ProfileViewController.m; sourceTree = "<group>"; };
		1F2AC1C1286C1F52006A078D /* PFUser+Extension.h */ = {isa = PBXFileReference; lastKnownFileType = sourcecode.c.h; path = "PFUser+Extension.h"; sourceTree = "<group>"; };
		1F2AC1C2286C1F52006A078D /* PFUser+Extension.m */ = {isa = PBXFileReference; lastKnownFileType = sourcecode.c.objc; path = "PFUser+Extension.m"; sourceTree = "<group>"; };
		1F2AC1C4286CC522006A078D /* PhotoGridCell.h */ = {isa = PBXFileReference; lastKnownFileType = sourcecode.c.h; path = PhotoGridCell.h; sourceTree = "<group>"; };
		1F2AC1C5286CC522006A078D /* PhotoGridCell.m */ = {isa = PBXFileReference; lastKnownFileType = sourcecode.c.objc; path = PhotoGridCell.m; sourceTree = "<group>"; };
		1F319237286AB0F20065CB8D /* Post.h */ = {isa = PBXFileReference; lastKnownFileType = sourcecode.c.h; path = Post.h; sourceTree = "<group>"; };
		1F319238286AB0F20065CB8D /* Post.m */ = {isa = PBXFileReference; lastKnownFileType = sourcecode.c.objc; path = Post.m; sourceTree = "<group>"; };
		1F31923A286AB6F70065CB8D /* PostCell.h */ = {isa = PBXFileReference; lastKnownFileType = sourcecode.c.h; path = PostCell.h; sourceTree = "<group>"; };
		1F31923B286AB6F70065CB8D /* PostCell.m */ = {isa = PBXFileReference; lastKnownFileType = sourcecode.c.objc; path = PostCell.m; sourceTree = "<group>"; };
		1F77AA2C28692097005B6D54 /* Instagram-Clone.app */ = {isa = PBXFileReference; explicitFileType = wrapper.application; includeInIndex = 0; path = "Instagram-Clone.app"; sourceTree = BUILT_PRODUCTS_DIR; };
		1F77AA2F28692097005B6D54 /* AppDelegate.h */ = {isa = PBXFileReference; lastKnownFileType = sourcecode.c.h; path = AppDelegate.h; sourceTree = "<group>"; };
		1F77AA3028692097005B6D54 /* AppDelegate.m */ = {isa = PBXFileReference; lastKnownFileType = sourcecode.c.objc; path = AppDelegate.m; sourceTree = "<group>"; };
		1F77AA3228692097005B6D54 /* SceneDelegate.h */ = {isa = PBXFileReference; lastKnownFileType = sourcecode.c.h; path = SceneDelegate.h; sourceTree = "<group>"; };
		1F77AA3328692097005B6D54 /* SceneDelegate.m */ = {isa = PBXFileReference; lastKnownFileType = sourcecode.c.objc; path = SceneDelegate.m; sourceTree = "<group>"; };
		1F77AA3528692097005B6D54 /* LoginViewController.h */ = {isa = PBXFileReference; lastKnownFileType = sourcecode.c.h; path = LoginViewController.h; sourceTree = "<group>"; };
		1F77AA3628692097005B6D54 /* LoginViewController.m */ = {isa = PBXFileReference; lastKnownFileType = sourcecode.c.objc; path = LoginViewController.m; sourceTree = "<group>"; };
		1F77AA3B28692099005B6D54 /* Assets.xcassets */ = {isa = PBXFileReference; lastKnownFileType = folder.assetcatalog; path = Assets.xcassets; sourceTree = "<group>"; };
		1F77AA3E28692099005B6D54 /* Base */ = {isa = PBXFileReference; lastKnownFileType = file.storyboard; name = Base; path = Base.lproj/LaunchScreen.storyboard; sourceTree = "<group>"; };
		1F77AA4028692099005B6D54 /* Info.plist */ = {isa = PBXFileReference; lastKnownFileType = text.plist.xml; path = Info.plist; sourceTree = "<group>"; };
		1F77AA4128692099005B6D54 /* main.m */ = {isa = PBXFileReference; lastKnownFileType = sourcecode.c.objc; path = main.m; sourceTree = "<group>"; };
		1FDE58822869ED8600C0AE5C /* UIView+Extension.h */ = {isa = PBXFileReference; lastKnownFileType = sourcecode.c.h; path = "UIView+Extension.h"; sourceTree = "<group>"; };
		1FDE58832869ED8600C0AE5C /* UIView+Extension.m */ = {isa = PBXFileReference; lastKnownFileType = sourcecode.c.objc; path = "UIView+Extension.m"; sourceTree = "<group>"; };
		1FDE58AA286A621400C0AE5C /* HomeViewController.h */ = {isa = PBXFileReference; lastKnownFileType = sourcecode.c.h; path = HomeViewController.h; sourceTree = "<group>"; };
		1FDE58AB286A621400C0AE5C /* HomeViewController.m */ = {isa = PBXFileReference; lastKnownFileType = sourcecode.c.objc; path = HomeViewController.m; sourceTree = "<group>"; };
		1FDE58AD286A839A00C0AE5C /* ComposeViewController.h */ = {isa = PBXFileReference; lastKnownFileType = sourcecode.c.h; path = ComposeViewController.h; sourceTree = "<group>"; };
		1FDE58AE286A839A00C0AE5C /* ComposeViewController.m */ = {isa = PBXFileReference; lastKnownFileType = sourcecode.c.objc; path = ComposeViewController.m; sourceTree = "<group>"; };
		6C8BB0C3C1C2EE25F1C2CB22 /* Pods-Instagram-Clone.debug.xcconfig */ = {isa = PBXFileReference; includeInIndex = 1; lastKnownFileType = text.xcconfig; name = "Pods-Instagram-Clone.debug.xcconfig"; path = "Target Support Files/Pods-Instagram-Clone/Pods-Instagram-Clone.debug.xcconfig"; sourceTree = "<group>"; };
		70660DED0FEDA949E425657F /* Pods_Instagram_Clone.framework */ = {isa = PBXFileReference; explicitFileType = wrapper.framework; includeInIndex = 0; path = Pods_Instagram_Clone.framework; sourceTree = BUILT_PRODUCTS_DIR; };
		75BCED28C9DA5CA5E4712E60 /* Pods-Instagram-Clone.release.xcconfig */ = {isa = PBXFileReference; includeInIndex = 1; lastKnownFileType = text.xcconfig; name = "Pods-Instagram-Clone.release.xcconfig"; path = "Target Support Files/Pods-Instagram-Clone/Pods-Instagram-Clone.release.xcconfig"; sourceTree = "<group>"; };
/* End PBXFileReference section */

/* Begin PBXFrameworksBuildPhase section */
		1F77AA2928692097005B6D54 /* Frameworks */ = {
			isa = PBXFrameworksBuildPhase;
			buildActionMask = 2147483647;
			files = (
				3AF03CB1021EC392E90B3693 /* Pods_Instagram_Clone.framework in Frameworks */,
			);
			runOnlyForDeploymentPostprocessing = 0;
		};
/* End PBXFrameworksBuildPhase section */

/* Begin PBXGroup section */
		1F2AC1BA286BAA03006A078D /* View Controllers */ = {
			isa = PBXGroup;
			children = (
				1F2AC1BE286BBF16006A078D /* ProfileViewController.h */,
				1F2AC1BF286BBF16006A078D /* ProfileViewController.m */,
				1FDE58AD286A839A00C0AE5C /* ComposeViewController.h */,
				1FDE58AE286A839A00C0AE5C /* ComposeViewController.m */,
				1FDE58AA286A621400C0AE5C /* HomeViewController.h */,
				1FDE58AB286A621400C0AE5C /* HomeViewController.m */,
				1F77AA3528692097005B6D54 /* LoginViewController.h */,
				1F77AA3628692097005B6D54 /* LoginViewController.m */,
				1F2AC1B7286BA038006A078D /* PostDetailViewController.h */,
				1F2AC1B8286BA038006A078D /* PostDetailViewController.m */,
			);
			path = "View Controllers";
			sourceTree = "<group>";
		};
		1F77AA2328692097005B6D54 = {
			isa = PBXGroup;
			children = (
				1F77AA2E28692097005B6D54 /* Instagram-Clone */,
				1F77AA2D28692097005B6D54 /* Products */,
				BD00C6355F7E0B733847A6D7 /* Pods */,
				9BAFA205369E7B36AC4CD733 /* Frameworks */,
			);
			sourceTree = "<group>";
		};
		1F77AA2D28692097005B6D54 /* Products */ = {
			isa = PBXGroup;
			children = (
				1F77AA2C28692097005B6D54 /* Instagram-Clone.app */,
			);
			name = Products;
			sourceTree = "<group>";
		};
		1F77AA2E28692097005B6D54 /* Instagram-Clone */ = {
			isa = PBXGroup;
			children = (
				1F2AC1BA286BAA03006A078D /* View Controllers */,
				1F77AA2F28692097005B6D54 /* AppDelegate.h */,
				1F77AA3028692097005B6D54 /* AppDelegate.m */,
				1F77AA3228692097005B6D54 /* SceneDelegate.h */,
				1F77AA3328692097005B6D54 /* SceneDelegate.m */,
				1F2AC1BB286BB935006A078D /* InstagramTabBarController.h */,
				1F2AC1BC286BB935006A078D /* InstagramTabBarController.m */,
				1F2AC1C4286CC522006A078D /* PhotoGridCell.h */,
				1F2AC1C5286CC522006A078D /* PhotoGridCell.m */,
				1FDE58822869ED8600C0AE5C /* UIView+Extension.h */,
				1FDE58832869ED8600C0AE5C /* UIView+Extension.m */,
				1F2AC1C1286C1F52006A078D /* PFUser+Extension.h */,
				1F2AC1C2286C1F52006A078D /* PFUser+Extension.m */,
				1F319237286AB0F20065CB8D /* Post.h */,
				1F319238286AB0F20065CB8D /* Post.m */,
				1F31923A286AB6F70065CB8D /* PostCell.h */,
				1F31923B286AB6F70065CB8D /* PostCell.m */,
				1F77AA3B28692099005B6D54 /* Assets.xcassets */,
				1F77AA3D28692099005B6D54 /* LaunchScreen.storyboard */,
				1F77AA4028692099005B6D54 /* Info.plist */,
				1F77AA4128692099005B6D54 /* main.m */,
			);
			path = "Instagram-Clone";
			sourceTree = "<group>";
		};
		9BAFA205369E7B36AC4CD733 /* Frameworks */ = {
			isa = PBXGroup;
			children = (
				70660DED0FEDA949E425657F /* Pods_Instagram_Clone.framework */,
			);
			name = Frameworks;
			sourceTree = "<group>";
		};
		BD00C6355F7E0B733847A6D7 /* Pods */ = {
			isa = PBXGroup;
			children = (
				6C8BB0C3C1C2EE25F1C2CB22 /* Pods-Instagram-Clone.debug.xcconfig */,
				75BCED28C9DA5CA5E4712E60 /* Pods-Instagram-Clone.release.xcconfig */,
			);
			path = Pods;
			sourceTree = "<group>";
		};
/* End PBXGroup section */

/* Begin PBXNativeTarget section */
		1F77AA2B28692097005B6D54 /* Instagram-Clone */ = {
			isa = PBXNativeTarget;
			buildConfigurationList = 1F77AA4528692099005B6D54 /* Build configuration list for PBXNativeTarget "Instagram-Clone" */;
			buildPhases = (
				191D4FDB17526C1814088097 /* [CP] Check Pods Manifest.lock */,
				1F77AA2828692097005B6D54 /* Sources */,
				1F77AA2928692097005B6D54 /* Frameworks */,
				1F77AA2A28692097005B6D54 /* Resources */,
				BB80C78A1FE6AB414412F08E /* [CP] Embed Pods Frameworks */,
			);
			buildRules = (
			);
			dependencies = (
			);
			name = "Instagram-Clone";
			productName = "Instagram-Clone";
			productReference = 1F77AA2C28692097005B6D54 /* Instagram-Clone.app */;
			productType = "com.apple.product-type.application";
		};
/* End PBXNativeTarget section */

/* Begin PBXProject section */
		1F77AA2428692097005B6D54 /* Project object */ = {
			isa = PBXProject;
			attributes = {
				BuildIndependentTargetsInParallel = 1;
				LastUpgradeCheck = 1340;
				TargetAttributes = {
					1F77AA2B28692097005B6D54 = {
						CreatedOnToolsVersion = 13.4.1;
					};
				};
			};
			buildConfigurationList = 1F77AA2728692097005B6D54 /* Build configuration list for PBXProject "Instagram-Clone" */;
			compatibilityVersion = "Xcode 13.0";
			developmentRegion = en;
			hasScannedForEncodings = 0;
			knownRegions = (
				en,
				Base,
			);
			mainGroup = 1F77AA2328692097005B6D54;
			productRefGroup = 1F77AA2D28692097005B6D54 /* Products */;
			projectDirPath = "";
			projectRoot = "";
			targets = (
				1F77AA2B28692097005B6D54 /* Instagram-Clone */,
			);
		};
/* End PBXProject section */

/* Begin PBXResourcesBuildPhase section */
		1F77AA2A28692097005B6D54 /* Resources */ = {
			isa = PBXResourcesBuildPhase;
			buildActionMask = 2147483647;
			files = (
				1F77AA3F28692099005B6D54 /* LaunchScreen.storyboard in Resources */,
				1F77AA3C28692099005B6D54 /* Assets.xcassets in Resources */,
			);
			runOnlyForDeploymentPostprocessing = 0;
		};
/* End PBXResourcesBuildPhase section */

/* Begin PBXShellScriptBuildPhase section */
		191D4FDB17526C1814088097 /* [CP] Check Pods Manifest.lock */ = {
			isa = PBXShellScriptBuildPhase;
			buildActionMask = 2147483647;
			files = (
			);
			inputFileListPaths = (
			);
			inputPaths = (
				"${PODS_PODFILE_DIR_PATH}/Podfile.lock",
				"${PODS_ROOT}/Manifest.lock",
			);
			name = "[CP] Check Pods Manifest.lock";
			outputFileListPaths = (
			);
			outputPaths = (
				"$(DERIVED_FILE_DIR)/Pods-Instagram-Clone-checkManifestLockResult.txt",
			);
			runOnlyForDeploymentPostprocessing = 0;
			shellPath = /bin/sh;
			shellScript = "diff \"${PODS_PODFILE_DIR_PATH}/Podfile.lock\" \"${PODS_ROOT}/Manifest.lock\" > /dev/null\nif [ $? != 0 ] ; then\n    # print error to STDERR\n    echo \"error: The sandbox is not in sync with the Podfile.lock. Run 'pod install' or update your CocoaPods installation.\" >&2\n    exit 1\nfi\n# This output is used by Xcode 'outputs' to avoid re-running this script phase.\necho \"SUCCESS\" > \"${SCRIPT_OUTPUT_FILE_0}\"\n";
			showEnvVarsInLog = 0;
		};
		BB80C78A1FE6AB414412F08E /* [CP] Embed Pods Frameworks */ = {
			isa = PBXShellScriptBuildPhase;
			buildActionMask = 2147483647;
			files = (
			);
			inputFileListPaths = (
				"${PODS_ROOT}/Target Support Files/Pods-Instagram-Clone/Pods-Instagram-Clone-frameworks-${CONFIGURATION}-input-files.xcfilelist",
			);
			name = "[CP] Embed Pods Frameworks";
			outputFileListPaths = (
				"${PODS_ROOT}/Target Support Files/Pods-Instagram-Clone/Pods-Instagram-Clone-frameworks-${CONFIGURATION}-output-files.xcfilelist",
			);
			runOnlyForDeploymentPostprocessing = 0;
			shellPath = /bin/sh;
			shellScript = "\"${PODS_ROOT}/Target Support Files/Pods-Instagram-Clone/Pods-Instagram-Clone-frameworks.sh\"\n";
			showEnvVarsInLog = 0;
		};
/* End PBXShellScriptBuildPhase section */

/* Begin PBXSourcesBuildPhase section */
		1F77AA2828692097005B6D54 /* Sources */ = {
			isa = PBXSourcesBuildPhase;
			buildActionMask = 2147483647;
			files = (
				1F77AA3728692097005B6D54 /* LoginViewController.m in Sources */,
				1F2AC1B9286BA038006A078D /* PostDetailViewController.m in Sources */,
				1FDE58842869ED8600C0AE5C /* UIView+Extension.m in Sources */,
				1F2AC1BD286BB935006A078D /* InstagramTabBarController.m in Sources */,
				1F77AA3128692097005B6D54 /* AppDelegate.m in Sources */,
				1F319239286AB0F20065CB8D /* Post.m in Sources */,
				1F77AA4228692099005B6D54 /* main.m in Sources */,
				1F2AC1C3286C1F52006A078D /* PFUser+Extension.m in Sources */,
				1F31923C286AB6F70065CB8D /* PostCell.m in Sources */,
				1FDE58AF286A839A00C0AE5C /* ComposeViewController.m in Sources */,
				1F2AC1C6286CC522006A078D /* PhotoGridCell.m in Sources */,
				1F77AA3428692097005B6D54 /* SceneDelegate.m in Sources */,
				1F2AC1C0286BBF16006A078D /* ProfileViewController.m in Sources */,
				1FDE58AC286A621400C0AE5C /* HomeViewController.m in Sources */,
			);
			runOnlyForDeploymentPostprocessing = 0;
		};
/* End PBXSourcesBuildPhase section */

/* Begin PBXVariantGroup section */
		1F77AA3D28692099005B6D54 /* LaunchScreen.storyboard */ = {
			isa = PBXVariantGroup;
			children = (
				1F77AA3E28692099005B6D54 /* Base */,
			);
			name = LaunchScreen.storyboard;
			sourceTree = "<group>";
		};
/* End PBXVariantGroup section */

/* Begin XCBuildConfiguration section */
		1F77AA4328692099005B6D54 /* Debug */ = {
			isa = XCBuildConfiguration;
			buildSettings = {
				ALWAYS_SEARCH_USER_PATHS = NO;
				CLANG_ANALYZER_NONNULL = YES;
				CLANG_ANALYZER_NUMBER_OBJECT_CONVERSION = YES_AGGRESSIVE;
				CLANG_CXX_LANGUAGE_STANDARD = "gnu++17";
				CLANG_ENABLE_MODULES = YES;
				CLANG_ENABLE_OBJC_ARC = YES;
				CLANG_ENABLE_OBJC_WEAK = YES;
				CLANG_WARN_BLOCK_CAPTURE_AUTORELEASING = YES;
				CLANG_WARN_BOOL_CONVERSION = YES;
				CLANG_WARN_COMMA = YES;
				CLANG_WARN_CONSTANT_CONVERSION = YES;
				CLANG_WARN_DEPRECATED_OBJC_IMPLEMENTATIONS = YES;
				CLANG_WARN_DIRECT_OBJC_ISA_USAGE = YES_ERROR;
				CLANG_WARN_DOCUMENTATION_COMMENTS = YES;
				CLANG_WARN_EMPTY_BODY = YES;
				CLANG_WARN_ENUM_CONVERSION = YES;
				CLANG_WARN_INFINITE_RECURSION = YES;
				CLANG_WARN_INT_CONVERSION = YES;
				CLANG_WARN_NON_LITERAL_NULL_CONVERSION = YES;
				CLANG_WARN_OBJC_IMPLICIT_RETAIN_SELF = YES;
				CLANG_WARN_OBJC_LITERAL_CONVERSION = YES;
				CLANG_WARN_OBJC_ROOT_CLASS = YES_ERROR;
				CLANG_WARN_QUOTED_INCLUDE_IN_FRAMEWORK_HEADER = YES;
				CLANG_WARN_RANGE_LOOP_ANALYSIS = YES;
				CLANG_WARN_STRICT_PROTOTYPES = YES;
				CLANG_WARN_SUSPICIOUS_MOVE = YES;
				CLANG_WARN_UNGUARDED_AVAILABILITY = YES_AGGRESSIVE;
				CLANG_WARN_UNREACHABLE_CODE = YES;
				CLANG_WARN__DUPLICATE_METHOD_MATCH = YES;
				COPY_PHASE_STRIP = NO;
				DEBUG_INFORMATION_FORMAT = dwarf;
				ENABLE_STRICT_OBJC_MSGSEND = YES;
				ENABLE_TESTABILITY = YES;
				GCC_C_LANGUAGE_STANDARD = gnu11;
				GCC_DYNAMIC_NO_PIC = NO;
				GCC_NO_COMMON_BLOCKS = YES;
				GCC_OPTIMIZATION_LEVEL = 0;
				GCC_PREPROCESSOR_DEFINITIONS = (
					"DEBUG=1",
					"$(inherited)",
				);
				GCC_WARN_64_TO_32_BIT_CONVERSION = YES;
				GCC_WARN_ABOUT_RETURN_TYPE = YES_ERROR;
				GCC_WARN_UNDECLARED_SELECTOR = YES;
				GCC_WARN_UNINITIALIZED_AUTOS = YES_AGGRESSIVE;
				GCC_WARN_UNUSED_FUNCTION = YES;
				GCC_WARN_UNUSED_VARIABLE = YES;
				IPHONEOS_DEPLOYMENT_TARGET = 15.5;
				MTL_ENABLE_DEBUG_INFO = INCLUDE_SOURCE;
				MTL_FAST_MATH = YES;
				ONLY_ACTIVE_ARCH = YES;
				SDKROOT = iphoneos;
			};
			name = Debug;
		};
		1F77AA4428692099005B6D54 /* Release */ = {
			isa = XCBuildConfiguration;
			buildSettings = {
				ALWAYS_SEARCH_USER_PATHS = NO;
				CLANG_ANALYZER_NONNULL = YES;
				CLANG_ANALYZER_NUMBER_OBJECT_CONVERSION = YES_AGGRESSIVE;
				CLANG_CXX_LANGUAGE_STANDARD = "gnu++17";
				CLANG_ENABLE_MODULES = YES;
				CLANG_ENABLE_OBJC_ARC = YES;
				CLANG_ENABLE_OBJC_WEAK = YES;
				CLANG_WARN_BLOCK_CAPTURE_AUTORELEASING = YES;
				CLANG_WARN_BOOL_CONVERSION = YES;
				CLANG_WARN_COMMA = YES;
				CLANG_WARN_CONSTANT_CONVERSION = YES;
				CLANG_WARN_DEPRECATED_OBJC_IMPLEMENTATIONS = YES;
				CLANG_WARN_DIRECT_OBJC_ISA_USAGE = YES_ERROR;
				CLANG_WARN_DOCUMENTATION_COMMENTS = YES;
				CLANG_WARN_EMPTY_BODY = YES;
				CLANG_WARN_ENUM_CONVERSION = YES;
				CLANG_WARN_INFINITE_RECURSION = YES;
				CLANG_WARN_INT_CONVERSION = YES;
				CLANG_WARN_NON_LITERAL_NULL_CONVERSION = YES;
				CLANG_WARN_OBJC_IMPLICIT_RETAIN_SELF = YES;
				CLANG_WARN_OBJC_LITERAL_CONVERSION = YES;
				CLANG_WARN_OBJC_ROOT_CLASS = YES_ERROR;
				CLANG_WARN_QUOTED_INCLUDE_IN_FRAMEWORK_HEADER = YES;
				CLANG_WARN_RANGE_LOOP_ANALYSIS = YES;
				CLANG_WARN_STRICT_PROTOTYPES = YES;
				CLANG_WARN_SUSPICIOUS_MOVE = YES;
				CLANG_WARN_UNGUARDED_AVAILABILITY = YES_AGGRESSIVE;
				CLANG_WARN_UNREACHABLE_CODE = YES;
				CLANG_WARN__DUPLICATE_METHOD_MATCH = YES;
				COPY_PHASE_STRIP = NO;
				DEBUG_INFORMATION_FORMAT = "dwarf-with-dsym";
				ENABLE_NS_ASSERTIONS = NO;
				ENABLE_STRICT_OBJC_MSGSEND = YES;
				GCC_C_LANGUAGE_STANDARD = gnu11;
				GCC_NO_COMMON_BLOCKS = YES;
				GCC_WARN_64_TO_32_BIT_CONVERSION = YES;
				GCC_WARN_ABOUT_RETURN_TYPE = YES_ERROR;
				GCC_WARN_UNDECLARED_SELECTOR = YES;
				GCC_WARN_UNINITIALIZED_AUTOS = YES_AGGRESSIVE;
				GCC_WARN_UNUSED_FUNCTION = YES;
				GCC_WARN_UNUSED_VARIABLE = YES;
				IPHONEOS_DEPLOYMENT_TARGET = 15.5;
				MTL_ENABLE_DEBUG_INFO = NO;
				MTL_FAST_MATH = YES;
				SDKROOT = iphoneos;
				VALIDATE_PRODUCT = YES;
			};
			name = Release;
		};
		1F77AA4628692099005B6D54 /* Debug */ = {
			isa = XCBuildConfiguration;
			baseConfigurationReference = 6C8BB0C3C1C2EE25F1C2CB22 /* Pods-Instagram-Clone.debug.xcconfig */;
			buildSettings = {
				ASSETCATALOG_COMPILER_APPICON_NAME = AppIcon;
				ASSETCATALOG_COMPILER_GLOBAL_ACCENT_COLOR_NAME = AccentColor;
				CODE_SIGN_STYLE = Automatic;
				CURRENT_PROJECT_VERSION = 1;
				DEVELOPMENT_TEAM = 454EU8SVK2;
				GENERATE_INFOPLIST_FILE = YES;
				INFOPLIST_FILE = "Instagram-Clone/Info.plist";
				INFOPLIST_KEY_UIApplicationSupportsIndirectInputEvents = YES;
				INFOPLIST_KEY_UILaunchStoryboardName = LaunchScreen;
				INFOPLIST_KEY_UISupportedInterfaceOrientations_iPad = "UIInterfaceOrientationPortrait UIInterfaceOrientationPortraitUpsideDown UIInterfaceOrientationLandscapeLeft UIInterfaceOrientationLandscapeRight";
				INFOPLIST_KEY_UISupportedInterfaceOrientations_iPhone = "UIInterfaceOrientationPortrait UIInterfaceOrientationLandscapeLeft UIInterfaceOrientationLandscapeRight";
				LD_RUNPATH_SEARCH_PATHS = (
					"$(inherited)",
					"@executable_path/Frameworks",
				);
				MARKETING_VERSION = 1.0;
				PRODUCT_BUNDLE_IDENTIFIER = "com.rashadp.Instagram-Clone";
				PRODUCT_NAME = "$(TARGET_NAME)";
				SWIFT_EMIT_LOC_STRINGS = YES;
				TARGETED_DEVICE_FAMILY = "1,2";
			};
			name = Debug;
		};
		1F77AA4728692099005B6D54 /* Release */ = {
			isa = XCBuildConfiguration;
			baseConfigurationReference = 75BCED28C9DA5CA5E4712E60 /* Pods-Instagram-Clone.release.xcconfig */;
			buildSettings = {
				ASSETCATALOG_COMPILER_APPICON_NAME = AppIcon;
				ASSETCATALOG_COMPILER_GLOBAL_ACCENT_COLOR_NAME = AccentColor;
				CODE_SIGN_STYLE = Automatic;
				CURRENT_PROJECT_VERSION = 1;
				DEVELOPMENT_TEAM = 454EU8SVK2;
				GENERATE_INFOPLIST_FILE = YES;
				INFOPLIST_FILE = "Instagram-Clone/Info.plist";
				INFOPLIST_KEY_UIApplicationSupportsIndirectInputEvents = YES;
				INFOPLIST_KEY_UILaunchStoryboardName = LaunchScreen;
				INFOPLIST_KEY_UISupportedInterfaceOrientations_iPad = "UIInterfaceOrientationPortrait UIInterfaceOrientationPortraitUpsideDown UIInterfaceOrientationLandscapeLeft UIInterfaceOrientationLandscapeRight";
				INFOPLIST_KEY_UISupportedInterfaceOrientations_iPhone = "UIInterfaceOrientationPortrait UIInterfaceOrientationLandscapeLeft UIInterfaceOrientationLandscapeRight";
				LD_RUNPATH_SEARCH_PATHS = (
					"$(inherited)",
					"@executable_path/Frameworks",
				);
				MARKETING_VERSION = 1.0;
				PRODUCT_BUNDLE_IDENTIFIER = "com.rashadp.Instagram-Clone";
				PRODUCT_NAME = "$(TARGET_NAME)";
				SWIFT_EMIT_LOC_STRINGS = YES;
				TARGETED_DEVICE_FAMILY = "1,2";
			};
			name = Release;
		};
/* End XCBuildConfiguration section */

/* Begin XCConfigurationList section */
		1F77AA2728692097005B6D54 /* Build configuration list for PBXProject "Instagram-Clone" */ = {
			isa = XCConfigurationList;
			buildConfigurations = (
				1F77AA4328692099005B6D54 /* Debug */,
				1F77AA4428692099005B6D54 /* Release */,
			);
			defaultConfigurationIsVisible = 0;
			defaultConfigurationName = Release;
		};
		1F77AA4528692099005B6D54 /* Build configuration list for PBXNativeTarget "Instagram-Clone" */ = {
			isa = XCConfigurationList;
			buildConfigurations = (
				1F77AA4628692099005B6D54 /* Debug */,
				1F77AA4728692099005B6D54 /* Release */,
			);
			defaultConfigurationIsVisible = 0;
			defaultConfigurationName = Release;
		};
/* End XCConfigurationList section */
	};
	rootObject = 1F77AA2428692097005B6D54 /* Project object */;
}
